
Microsoft Visual Studio Solution File, Format Version 12.00
# Visual Studio Version 16
VisualStudioVersion = 16.0.31019.35
MinimumVisualStudioVersion = 10.0.40219.1
Project("{FAE04EC0-301F-11D3-BF4B-00C04F79EFBC}") = "EmerseTest", "EmerseTest\EmerseTest.csproj", "{861F0225-259A-43CB-9836-76991BCC81EB}"
EndProject
Global
	GlobalSection(SolutionConfigurationPlatforms) = preSolution
		Debug|Any CPU = Debug|Any CPU
		Release|Any CPU = Release|Any CPU
	EndGlobalSection
	GlobalSection(ProjectConfigurationPlatforms) = postSolution
		{861F0225-259A-43CB-9836-76991BCC81EB}.Debug|Any CPU.ActiveCfg = Debug|Any CPU
		{861F0225-259A-43CB-9836-76991BCC81EB}.Debug|Any CPU.Build.0 = Debug|Any CPU
		{861F0225-259A-43CB-9836-76991BCC81EB}.Release|Any CPU.ActiveCfg = Release|Any CPU
		{861F0225-259A-43CB-9836-76991BCC81EB}.Release|Any CPU.Build.0 = Release|Any CPU
	EndGlobalSection
	GlobalSection(SolutionProperties) = preSolution
		HideSolutionNode = FALSE
	EndGlobalSection
	GlobalSection(ExtensibilityGlobals) = postSolution
		SolutionGuid = {915650D5-9724-4669-947D-CCA206730B5C}
	EndGlobalSection
EndGlobal
